
Microsoft Visual Studio Solution File, Format Version 12.00
# Visual Studio 15
VisualStudioVersion = 15.0.28010.2026
MinimumVisualStudioVersion = 10.0.40219.1
Project("{8BC9CEB8-8B4A-11D0-8D11-00A0C91BC942}") = "drone-code", "drone-code\drone-code.vcxproj", "{71FFFFB0-D7BF-4AD2-93FB-3C4240ACFDB2}"
EndProject
Global
	GlobalSection(SolutionConfigurationPlatforms) = preSolution
		Debug|ARM = Debug|ARM
		Debug|ARM64 = Debug|ARM64
		Release|ARM = Release|ARM
		Release|ARM64 = Release|ARM64
	EndGlobalSection
	GlobalSection(ProjectConfigurationPlatforms) = postSolution
		{71FFFFB0-D7BF-4AD2-93FB-3C4240ACFDB2}.Debug|ARM.ActiveCfg = Debug|ARM
		{71FFFFB0-D7BF-4AD2-93FB-3C4240ACFDB2}.Debug|ARM.Build.0 = Debug|ARM
		{71FFFFB0-D7BF-4AD2-93FB-3C4240ACFDB2}.Debug|ARM64.ActiveCfg = Debug|ARM64
		{71FFFFB0-D7BF-4AD2-93FB-3C4240ACFDB2}.Debug|ARM64.Build.0 = Debug|ARM64
		{71FFFFB0-D7BF-4AD2-93FB-3C4240ACFDB2}.Release|ARM.ActiveCfg = Release|ARM
		{71FFFFB0-D7BF-4AD2-93FB-3C4240ACFDB2}.Release|ARM.Build.0 = Release|ARM
		{71FFFFB0-D7BF-4AD2-93FB-3C4240ACFDB2}.Release|ARM64.ActiveCfg = Release|ARM64
		{71FFFFB0-D7BF-4AD2-93FB-3C4240ACFDB2}.Release|ARM64.Build.0 = Release|ARM64
	EndGlobalSection
	GlobalSection(SolutionProperties) = preSolution
		HideSolutionNode = FALSE
	EndGlobalSection
	GlobalSection(ExtensibilityGlobals) = postSolution
		SolutionGuid = {DEAAABC2-104F-4CE9-A607-67BD892CD9F4}
	EndGlobalSection
EndGlobal
